
Microsoft Visual Studio Solution File, Format Version 12.00
# Visual Studio Version 17
VisualStudioVersion = 17.6.33723.286
MinimumVisualStudioVersion = 10.0.40219.1
Project("{9A19103F-16F7-4668-BE54-9A1E7A4F7556}") = "ApprainERPTerminal", "ApprainERPTerminal\ApprainERPTerminal.csproj", "{302BF512-6F4D-4F66-9840-0A2F4DCB0A59}"
EndProject
Project("{54435603-DBB4-11D2-8724-00A0C9A8B90C}") = "ApprainERPSetup", "ApprainERPSetup\ApprainERPSetup.vdproj", "{601B8D57-98D5-415E-9B66-20E00246F59D}"
EndProject
Global
	GlobalSection(SolutionConfigurationPlatforms) = preSolution
		Debug|Any CPU = Debug|Any CPU
		Release|Any CPU = Release|Any CPU
	EndGlobalSection
	GlobalSection(ProjectConfigurationPlatforms) = postSolution
		{302BF512-6F4D-4F66-9840-0A2F4DCB0A59}.Debug|Any CPU.ActiveCfg = Debug|Any CPU
		{302BF512-6F4D-4F66-9840-0A2F4DCB0A59}.Debug|Any CPU.Build.0 = Debug|Any CPU
		{302BF512-6F4D-4F66-9840-0A2F4DCB0A59}.Release|Any CPU.ActiveCfg = Release|Any CPU
		{302BF512-6F4D-4F66-9840-0A2F4DCB0A59}.Release|Any CPU.Build.0 = Release|Any CPU
		{601B8D57-98D5-415E-9B66-20E00246F59D}.Debug|Any CPU.ActiveCfg = Debug
		{601B8D57-98D5-415E-9B66-20E00246F59D}.Debug|Any CPU.Build.0 = Debug
		{601B8D57-98D5-415E-9B66-20E00246F59D}.Release|Any CPU.ActiveCfg = Release
		{601B8D57-98D5-415E-9B66-20E00246F59D}.Release|Any CPU.Build.0 = Release
	EndGlobalSection
	GlobalSection(SolutionProperties) = preSolution
		HideSolutionNode = FALSE
	EndGlobalSection
	GlobalSection(ExtensibilityGlobals) = postSolution
		SolutionGuid = {0D2FF3F7-06CB-4C96-80A6-6612BBCE2627}
	EndGlobalSection
EndGlobal
